
Microsoft Visual Studio Solution File, Format Version 12.00
# Visual Studio Version 17
Project("{8BC9CEB8-8B4A-11D0-8D11-00A0C91BC942}") = "ALL_BUILD", "ALL_BUILD.vcxproj", "{42661D9F-92E7-357B-A924-5D32549AAFD2}"
	ProjectSection(ProjectDependencies) = postProject
		{F8B64B52-58F8-37ED-AECD-BF14307B5734} = {F8B64B52-58F8-37ED-AECD-BF14307B5734}
		{8E9F4B25-E147-3BCC-865D-E28AF551DB62} = {8E9F4B25-E147-3BCC-865D-E28AF551DB62}
		{41C7A212-BEFC-3F45-852B-863851D10B8B} = {41C7A212-BEFC-3F45-852B-863851D10B8B}
		{5AC90439-3F5E-3DF2-935F-8E8007FFC762} = {5AC90439-3F5E-3DF2-935F-8E8007FFC762}
		{5FDAABBF-345D-3A64-AAE7-73EF329AF1E9} = {5FDAABBF-345D-3A64-AAE7-73EF329AF1E9}
		{FD056F6E-8021-369E-A7AA-077C442A2270} = {FD056F6E-8021-369E-A7AA-077C442A2270}
		{371FF5F1-78F2-39FE-BB29-0258CDFC402A} = {371FF5F1-78F2-39FE-BB29-0258CDFC402A}
		{60CB9DFA-916E-34A4-BA04-0024E55A0EEF} = {60CB9DFA-916E-34A4-BA04-0024E55A0EEF}
		{108DE4A5-46D7-379D-B1FF-B389D9DD3EBD} = {108DE4A5-46D7-379D-B1FF-B389D9DD3EBD}
		{2F47748D-8448-3B3F-A7D4-FC5C8EE8354A} = {2F47748D-8448-3B3F-A7D4-FC5C8EE8354A}
		{1088145F-C8FB-3137-B2A2-16055C87E444} = {1088145F-C8FB-3137-B2A2-16055C87E444}
		{A8FFFC0C-6578-3E8A-AFAA-C9919C64219E} = {A8FFFC0C-6578-3E8A-AFAA-C9919C64219E}
		{68D601FB-BD50-36A0-A38C-2954600AD1D9} = {68D601FB-BD50-36A0-A38C-2954600AD1D9}
		{8B97D588-94D6-37D8-B220-19367CE35D59} = {8B97D588-94D6-37D8-B220-19367CE35D59}
	EndProjectSection
EndProject
Project("{8BC9CEB8-8B4A-11D0-8D11-00A0C91BC942}") = "Action", "SourcesAndHeaders\Action.vcxproj", "{F8B64B52-58F8-37ED-AECD-BF14307B5734}"
	ProjectSection(ProjectDependencies) = postProject
		{8B97D588-94D6-37D8-B220-19367CE35D59} = {8B97D588-94D6-37D8-B220-19367CE35D59}
	EndProjectSection
EndProject
Project("{8BC9CEB8-8B4A-11D0-8D11-00A0C91BC942}") = "AddContextAction", "SourcesAndHeaders\AddContextAction.vcxproj", "{8E9F4B25-E147-3BCC-865D-E28AF551DB62}"
	ProjectSection(ProjectDependencies) = postProject
		{8B97D588-94D6-37D8-B220-19367CE35D59} = {8B97D588-94D6-37D8-B220-19367CE35D59}
	EndProjectSection
EndProject
Project("{8BC9CEB8-8B4A-11D0-8D11-00A0C91BC942}") = "CMakeTesting", "CMakeTesting.vcxproj", "{41C7A212-BEFC-3F45-852B-863851D10B8B}"
	ProjectSection(ProjectDependencies) = postProject
		{F8B64B52-58F8-37ED-AECD-BF14307B5734} = {F8B64B52-58F8-37ED-AECD-BF14307B5734}
		{8E9F4B25-E147-3BCC-865D-E28AF551DB62} = {8E9F4B25-E147-3BCC-865D-E28AF551DB62}
		{5AC90439-3F5E-3DF2-935F-8E8007FFC762} = {5AC90439-3F5E-3DF2-935F-8E8007FFC762}
		{5FDAABBF-345D-3A64-AAE7-73EF329AF1E9} = {5FDAABBF-345D-3A64-AAE7-73EF329AF1E9}
		{FD056F6E-8021-369E-A7AA-077C442A2270} = {FD056F6E-8021-369E-A7AA-077C442A2270}
		{371FF5F1-78F2-39FE-BB29-0258CDFC402A} = {371FF5F1-78F2-39FE-BB29-0258CDFC402A}
		{60CB9DFA-916E-34A4-BA04-0024E55A0EEF} = {60CB9DFA-916E-34A4-BA04-0024E55A0EEF}
		{108DE4A5-46D7-379D-B1FF-B389D9DD3EBD} = {108DE4A5-46D7-379D-B1FF-B389D9DD3EBD}
		{2F47748D-8448-3B3F-A7D4-FC5C8EE8354A} = {2F47748D-8448-3B3F-A7D4-FC5C8EE8354A}
		{1088145F-C8FB-3137-B2A2-16055C87E444} = {1088145F-C8FB-3137-B2A2-16055C87E444}
		{A8FFFC0C-6578-3E8A-AFAA-C9919C64219E} = {A8FFFC0C-6578-3E8A-AFAA-C9919C64219E}
		{68D601FB-BD50-36A0-A38C-2954600AD1D9} = {68D601FB-BD50-36A0-A38C-2954600AD1D9}
		{8B97D588-94D6-37D8-B220-19367CE35D59} = {8B97D588-94D6-37D8-B220-19367CE35D59}
	EndProjectSection
EndProject
Project("{8BC9CEB8-8B4A-11D0-8D11-00A0C91BC942}") = "CheckReservedWordAction", "SourcesAndHeaders\CheckReservedWordAction.vcxproj", "{5AC90439-3F5E-3DF2-935F-8E8007FFC762}"
	ProjectSection(ProjectDependencies) = postProject
		{8B97D588-94D6-37D8-B220-19367CE35D59} = {8B97D588-94D6-37D8-B220-19367CE35D59}
	EndProjectSection
EndProject
Project("{8BC9CEB8-8B4A-11D0-8D11-00A0C91BC942}") = "ConcatenateDataAction", "SourcesAndHeaders\ConcatenateDataAction.vcxproj", "{5FDAABBF-345D-3A64-AAE7-73EF329AF1E9}"
	ProjectSection(ProjectDependencies) = postProject
		{8B97D588-94D6-37D8-B220-19367CE35D59} = {8B97D588-94D6-37D8-B220-19367CE35D59}
	EndProjectSection
EndProject
Project("{8BC9CEB8-8B4A-11D0-8D11-00A0C91BC942}") = "ConcatenateKeyAction", "SourcesAndHeaders\ConcatenateKeyAction.vcxproj", "{FD056F6E-8021-369E-A7AA-077C442A2270}"
	ProjectSection(ProjectDependencies) = postProject
		{8B97D588-94D6-37D8-B220-19367CE35D59} = {8B97D588-94D6-37D8-B220-19367CE35D59}
	EndProjectSection
EndProject
Project("{8BC9CEB8-8B4A-11D0-8D11-00A0C91BC942}") = "DataReadyAction", "SourcesAndHeaders\DataReadyAction.vcxproj", "{371FF5F1-78F2-39FE-BB29-0258CDFC402A}"
	ProjectSection(ProjectDependencies) = postProject
		{8B97D588-94D6-37D8-B220-19367CE35D59} = {8B97D588-94D6-37D8-B220-19367CE35D59}
	EndProjectSection
EndProject
Project("{8BC9CEB8-8B4A-11D0-8D11-00A0C91BC942}") = "DictionaryData", "SourcesAndHeaders\DictionaryData.vcxproj", "{60CB9DFA-916E-34A4-BA04-0024E55A0EEF}"
	ProjectSection(ProjectDependencies) = postProject
		{8B97D588-94D6-37D8-B220-19367CE35D59} = {8B97D588-94D6-37D8-B220-19367CE35D59}
	EndProjectSection
EndProject
Project("{8BC9CEB8-8B4A-11D0-8D11-00A0C91BC942}") = "ErrorTratementAction", "SourcesAndHeaders\ErrorTratementAction.vcxproj", "{108DE4A5-46D7-379D-B1FF-B389D9DD3EBD}"
	ProjectSection(ProjectDependencies) = postProject
		{8B97D588-94D6-37D8-B220-19367CE35D59} = {8B97D588-94D6-37D8-B220-19367CE35D59}
	EndProjectSection
EndProject
Project("{8BC9CEB8-8B4A-11D0-8D11-00A0C91BC942}") = "JsonAnalizer", "SourcesAndHeaders\JsonAnalizer.vcxproj", "{2F47748D-8448-3B3F-A7D4-FC5C8EE8354A}"
	ProjectSection(ProjectDependencies) = postProject
		{8B97D588-94D6-37D8-B220-19367CE35D59} = {8B97D588-94D6-37D8-B220-19367CE35D59}
	EndProjectSection
EndProject
Project("{8BC9CEB8-8B4A-11D0-8D11-00A0C91BC942}") = "MoveAction", "SourcesAndHeaders\MoveAction.vcxproj", "{1088145F-C8FB-3137-B2A2-16055C87E444}"
	ProjectSection(ProjectDependencies) = postProject
		{8B97D588-94D6-37D8-B220-19367CE35D59} = {8B97D588-94D6-37D8-B220-19367CE35D59}
	EndProjectSection
EndProject
Project("{8BC9CEB8-8B4A-11D0-8D11-00A0C91BC942}") = "RemoveContextAction", "SourcesAndHeaders\RemoveContextAction.vcxproj", "{A8FFFC0C-6578-3E8A-AFAA-C9919C64219E}"
	ProjectSection(ProjectDependencies) = postProject
		{8B97D588-94D6-37D8-B220-19367CE35D59} = {8B97D588-94D6-37D8-B220-19367CE35D59}
	EndProjectSection
EndProject
Project("{8BC9CEB8-8B4A-11D0-8D11-00A0C91BC942}") = "StayAction", "SourcesAndHeaders\StayAction.vcxproj", "{68D601FB-BD50-36A0-A38C-2954600AD1D9}"
	ProjectSection(ProjectDependencies) = postProject
		{8B97D588-94D6-37D8-B220-19367CE35D59} = {8B97D588-94D6-37D8-B220-19367CE35D59}
	EndProjectSection
EndProject
Project("{8BC9CEB8-8B4A-11D0-8D11-00A0C91BC942}") = "ZERO_CHECK", "ZERO_CHECK.vcxproj", "{8B97D588-94D6-37D8-B220-19367CE35D59}"
	ProjectSection(ProjectDependencies) = postProject
	EndProjectSection
EndProject
Global
	GlobalSection(SolutionConfigurationPlatforms) = preSolution
		Debug|x64 = Debug|x64
		Release|x64 = Release|x64
		MinSizeRel|x64 = MinSizeRel|x64
		RelWithDebInfo|x64 = RelWithDebInfo|x64
	EndGlobalSection
	GlobalSection(ProjectConfigurationPlatforms) = postSolution
		{42661D9F-92E7-357B-A924-5D32549AAFD2}.Debug|x64.ActiveCfg = Debug|x64
		{42661D9F-92E7-357B-A924-5D32549AAFD2}.Release|x64.ActiveCfg = Release|x64
		{42661D9F-92E7-357B-A924-5D32549AAFD2}.MinSizeRel|x64.ActiveCfg = MinSizeRel|x64
		{42661D9F-92E7-357B-A924-5D32549AAFD2}.RelWithDebInfo|x64.ActiveCfg = RelWithDebInfo|x64
		{F8B64B52-58F8-37ED-AECD-BF14307B5734}.Debug|x64.ActiveCfg = Debug|x64
		{F8B64B52-58F8-37ED-AECD-BF14307B5734}.Debug|x64.Build.0 = Debug|x64
		{F8B64B52-58F8-37ED-AECD-BF14307B5734}.Release|x64.ActiveCfg = Release|x64
		{F8B64B52-58F8-37ED-AECD-BF14307B5734}.Release|x64.Build.0 = Release|x64
		{F8B64B52-58F8-37ED-AECD-BF14307B5734}.MinSizeRel|x64.ActiveCfg = MinSizeRel|x64
		{F8B64B52-58F8-37ED-AECD-BF14307B5734}.MinSizeRel|x64.Build.0 = MinSizeRel|x64
		{F8B64B52-58F8-37ED-AECD-BF14307B5734}.RelWithDebInfo|x64.ActiveCfg = RelWithDebInfo|x64
		{F8B64B52-58F8-37ED-AECD-BF14307B5734}.RelWithDebInfo|x64.Build.0 = RelWithDebInfo|x64
		{8E9F4B25-E147-3BCC-865D-E28AF551DB62}.Debug|x64.ActiveCfg = Debug|x64
		{8E9F4B25-E147-3BCC-865D-E28AF551DB62}.Debug|x64.Build.0 = Debug|x64
		{8E9F4B25-E147-3BCC-865D-E28AF551DB62}.Release|x64.ActiveCfg = Release|x64
		{8E9F4B25-E147-3BCC-865D-E28AF551DB62}.Release|x64.Build.0 = Release|x64
		{8E9F4B25-E147-3BCC-865D-E28AF551DB62}.MinSizeRel|x64.ActiveCfg = MinSizeRel|x64
		{8E9F4B25-E147-3BCC-865D-E28AF551DB62}.MinSizeRel|x64.Build.0 = MinSizeRel|x64
		{8E9F4B25-E147-3BCC-865D-E28AF551DB62}.RelWithDebInfo|x64.ActiveCfg = RelWithDebInfo|x64
		{8E9F4B25-E147-3BCC-865D-E28AF551DB62}.RelWithDebInfo|x64.Build.0 = RelWithDebInfo|x64
		{41C7A212-BEFC-3F45-852B-863851D10B8B}.Debug|x64.ActiveCfg = Debug|x64
		{41C7A212-BEFC-3F45-852B-863851D10B8B}.Debug|x64.Build.0 = Debug|x64
		{41C7A212-BEFC-3F45-852B-863851D10B8B}.Release|x64.ActiveCfg = Release|x64
		{41C7A212-BEFC-3F45-852B-863851D10B8B}.Release|x64.Build.0 = Release|x64
		{41C7A212-BEFC-3F45-852B-863851D10B8B}.MinSizeRel|x64.ActiveCfg = MinSizeRel|x64
		{41C7A212-BEFC-3F45-852B-863851D10B8B}.MinSizeRel|x64.Build.0 = MinSizeRel|x64
		{41C7A212-BEFC-3F45-852B-863851D10B8B}.RelWithDebInfo|x64.ActiveCfg = RelWithDebInfo|x64
		{41C7A212-BEFC-3F45-852B-863851D10B8B}.RelWithDebInfo|x64.Build.0 = RelWithDebInfo|x64
		{5AC90439-3F5E-3DF2-935F-8E8007FFC762}.Debug|x64.ActiveCfg = Debug|x64
		{5AC90439-3F5E-3DF2-935F-8E8007FFC762}.Debug|x64.Build.0 = Debug|x64
		{5AC90439-3F5E-3DF2-935F-8E8007FFC762}.Release|x64.ActiveCfg = Release|x64
		{5AC90439-3F5E-3DF2-935F-8E8007FFC762}.Release|x64.Build.0 = Release|x64
		{5AC90439-3F5E-3DF2-935F-8E8007FFC762}.MinSizeRel|x64.ActiveCfg = MinSizeRel|x64
		{5AC90439-3F5E-3DF2-935F-8E8007FFC762}.MinSizeRel|x64.Build.0 = MinSizeRel|x64
		{5AC90439-3F5E-3DF2-935F-8E8007FFC762}.RelWithDebInfo|x64.ActiveCfg = RelWithDebInfo|x64
		{5AC90439-3F5E-3DF2-935F-8E8007FFC762}.RelWithDebInfo|x64.Build.0 = RelWithDebInfo|x64
		{5FDAABBF-345D-3A64-AAE7-73EF329AF1E9}.Debug|x64.ActiveCfg = Debug|x64
		{5FDAABBF-345D-3A64-AAE7-73EF329AF1E9}.Debug|x64.Build.0 = Debug|x64
		{5FDAABBF-345D-3A64-AAE7-73EF329AF1E9}.Release|x64.ActiveCfg = Release|x64
		{5FDAABBF-345D-3A64-AAE7-73EF329AF1E9}.Release|x64.Build.0 = Release|x64
		{5FDAABBF-345D-3A64-AAE7-73EF329AF1E9}.MinSizeRel|x64.ActiveCfg = MinSizeRel|x64
		{5FDAABBF-345D-3A64-AAE7-73EF329AF1E9}.MinSizeRel|x64.Build.0 = MinSizeRel|x64
		{5FDAABBF-345D-3A64-AAE7-73EF329AF1E9}.RelWithDebInfo|x64.ActiveCfg = RelWithDebInfo|x64
		{5FDAABBF-345D-3A64-AAE7-73EF329AF1E9}.RelWithDebInfo|x64.Build.0 = RelWithDebInfo|x64
		{FD056F6E-8021-369E-A7AA-077C442A2270}.Debug|x64.ActiveCfg = Debug|x64
		{FD056F6E-8021-369E-A7AA-077C442A2270}.Debug|x64.Build.0 = Debug|x64
		{FD056F6E-8021-369E-A7AA-077C442A2270}.Release|x64.ActiveCfg = Release|x64
		{FD056F6E-8021-369E-A7AA-077C442A2270}.Release|x64.Build.0 = Release|x64
		{FD056F6E-8021-369E-A7AA-077C442A2270}.MinSizeRel|x64.ActiveCfg = MinSizeRel|x64
		{FD056F6E-8021-369E-A7AA-077C442A2270}.MinSizeRel|x64.Build.0 = MinSizeRel|x64
		{FD056F6E-8021-369E-A7AA-077C442A2270}.RelWithDebInfo|x64.ActiveCfg = RelWithDebInfo|x64
		{FD056F6E-8021-369E-A7AA-077C442A2270}.RelWithDebInfo|x64.Build.0 = RelWithDebInfo|x64
		{371FF5F1-78F2-39FE-BB29-0258CDFC402A}.Debug|x64.ActiveCfg = Debug|x64
		{371FF5F1-78F2-39FE-BB29-0258CDFC402A}.Debug|x64.Build.0 = Debug|x64
		{371FF5F1-78F2-39FE-BB29-0258CDFC402A}.Release|x64.ActiveCfg = Release|x64
		{371FF5F1-78F2-39FE-BB29-0258CDFC402A}.Release|x64.Build.0 = Release|x64
		{371FF5F1-78F2-39FE-BB29-0258CDFC402A}.MinSizeRel|x64.ActiveCfg = MinSizeRel|x64
		{371FF5F1-78F2-39FE-BB29-0258CDFC402A}.MinSizeRel|x64.Build.0 = MinSizeRel|x64
		{371FF5F1-78F2-39FE-BB29-0258CDFC402A}.RelWithDebInfo|x64.ActiveCfg = RelWithDebInfo|x64
		{371FF5F1-78F2-39FE-BB29-0258CDFC402A}.RelWithDebInfo|x64.Build.0 = RelWithDebInfo|x64
		{60CB9DFA-916E-34A4-BA04-0024E55A0EEF}.Debug|x64.ActiveCfg = Debug|x64
		{60CB9DFA-916E-34A4-BA04-0024E55A0EEF}.Debug|x64.Build.0 = Debug|x64
		{60CB9DFA-916E-34A4-BA04-0024E55A0EEF}.Release|x64.ActiveCfg = Release|x64
		{60CB9DFA-916E-34A4-BA04-0024E55A0EEF}.Release|x64.Build.0 = Release|x64
		{60CB9DFA-916E-34A4-BA04-0024E55A0EEF}.MinSizeRel|x64.ActiveCfg = MinSizeRel|x64
		{60CB9DFA-916E-34A4-BA04-0024E55A0EEF}.MinSizeRel|x64.Build.0 = MinSizeRel|x64
		{60CB9DFA-916E-34A4-BA04-0024E55A0EEF}.RelWithDebInfo|x64.ActiveCfg = RelWithDebInfo|x64
		{60CB9DFA-916E-34A4-BA04-0024E55A0EEF}.RelWithDebInfo|x64.Build.0 = RelWithDebInfo|x64
		{108DE4A5-46D7-379D-B1FF-B389D9DD3EBD}.Debug|x64.ActiveCfg = Debug|x64
		{108DE4A5-46D7-379D-B1FF-B389D9DD3EBD}.Debug|x64.Build.0 = Debug|x64
		{108DE4A5-46D7-379D-B1FF-B389D9DD3EBD}.Release|x64.ActiveCfg = Release|x64
		{108DE4A5-46D7-379D-B1FF-B389D9DD3EBD}.Release|x64.Build.0 = Release|x64
		{108DE4A5-46D7-379D-B1FF-B389D9DD3EBD}.MinSizeRel|x64.ActiveCfg = MinSizeRel|x64
		{108DE4A5-46D7-379D-B1FF-B389D9DD3EBD}.MinSizeRel|x64.Build.0 = MinSizeRel|x64
		{108DE4A5-46D7-379D-B1FF-B389D9DD3EBD}.RelWithDebInfo|x64.ActiveCfg = RelWithDebInfo|x64
		{108DE4A5-46D7-379D-B1FF-B389D9DD3EBD}.RelWithDebInfo|x64.Build.0 = RelWithDebInfo|x64
		{2F47748D-8448-3B3F-A7D4-FC5C8EE8354A}.Debug|x64.ActiveCfg = Debug|x64
		{2F47748D-8448-3B3F-A7D4-FC5C8EE8354A}.Debug|x64.Build.0 = Debug|x64
		{2F47748D-8448-3B3F-A7D4-FC5C8EE8354A}.Release|x64.ActiveCfg = Release|x64
		{2F47748D-8448-3B3F-A7D4-FC5C8EE8354A}.Release|x64.Build.0 = Release|x64
		{2F47748D-8448-3B3F-A7D4-FC5C8EE8354A}.MinSizeRel|x64.ActiveCfg = MinSizeRel|x64
		{2F47748D-8448-3B3F-A7D4-FC5C8EE8354A}.MinSizeRel|x64.Build.0 = MinSizeRel|x64
		{2F47748D-8448-3B3F-A7D4-FC5C8EE8354A}.RelWithDebInfo|x64.ActiveCfg = RelWithDebInfo|x64
		{2F47748D-8448-3B3F-A7D4-FC5C8EE8354A}.RelWithDebInfo|x64.Build.0 = RelWithDebInfo|x64
		{1088145F-C8FB-3137-B2A2-16055C87E444}.Debug|x64.ActiveCfg = Debug|x64
		{1088145F-C8FB-3137-B2A2-16055C87E444}.Debug|x64.Build.0 = Debug|x64
		{1088145F-C8FB-3137-B2A2-16055C87E444}.Release|x64.ActiveCfg = Release|x64
		{1088145F-C8FB-3137-B2A2-16055C87E444}.Release|x64.Build.0 = Release|x64
		{1088145F-C8FB-3137-B2A2-16055C87E444}.MinSizeRel|x64.ActiveCfg = MinSizeRel|x64
		{1088145F-C8FB-3137-B2A2-16055C87E444}.MinSizeRel|x64.Build.0 = MinSizeRel|x64
		{1088145F-C8FB-3137-B2A2-16055C87E444}.RelWithDebInfo|x64.ActiveCfg = RelWithDebInfo|x64
		{1088145F-C8FB-3137-B2A2-16055C87E444}.RelWithDebInfo|x64.Build.0 = RelWithDebInfo|x64
		{A8FFFC0C-6578-3E8A-AFAA-C9919C64219E}.Debug|x64.ActiveCfg = Debug|x64
		{A8FFFC0C-6578-3E8A-AFAA-C9919C64219E}.Debug|x64.Build.0 = Debug|x64
		{A8FFFC0C-6578-3E8A-AFAA-C9919C64219E}.Release|x64.ActiveCfg = Release|x64
		{A8FFFC0C-6578-3E8A-AFAA-C9919C64219E}.Release|x64.Build.0 = Release|x64
		{A8FFFC0C-6578-3E8A-AFAA-C9919C64219E}.MinSizeRel|x64.ActiveCfg = MinSizeRel|x64
		{A8FFFC0C-6578-3E8A-AFAA-C9919C64219E}.MinSizeRel|x64.Build.0 = MinSizeRel|x64
		{A8FFFC0C-6578-3E8A-AFAA-C9919C64219E}.RelWithDebInfo|x64.ActiveCfg = RelWithDebInfo|x64
		{A8FFFC0C-6578-3E8A-AFAA-C9919C64219E}.RelWithDebInfo|x64.Build.0 = RelWithDebInfo|x64
		{68D601FB-BD50-36A0-A38C-2954600AD1D9}.Debug|x64.ActiveCfg = Debug|x64
		{68D601FB-BD50-36A0-A38C-2954600AD1D9}.Debug|x64.Build.0 = Debug|x64
		{68D601FB-BD50-36A0-A38C-2954600AD1D9}.Release|x64.ActiveCfg = Release|x64
		{68D601FB-BD50-36A0-A38C-2954600AD1D9}.Release|x64.Build.0 = Release|x64
		{68D601FB-BD50-36A0-A38C-2954600AD1D9}.MinSizeRel|x64.ActiveCfg = MinSizeRel|x64
		{68D601FB-BD50-36A0-A38C-2954600AD1D9}.MinSizeRel|x64.Build.0 = MinSizeRel|x64
		{68D601FB-BD50-36A0-A38C-2954600AD1D9}.RelWithDebInfo|x64.ActiveCfg = RelWithDebInfo|x64
		{68D601FB-BD50-36A0-A38C-2954600AD1D9}.RelWithDebInfo|x64.Build.0 = RelWithDebInfo|x64
		{8B97D588-94D6-37D8-B220-19367CE35D59}.Debug|x64.ActiveCfg = Debug|x64
		{8B97D588-94D6-37D8-B220-19367CE35D59}.Debug|x64.Build.0 = Debug|x64
		{8B97D588-94D6-37D8-B220-19367CE35D59}.Release|x64.ActiveCfg = Release|x64
		{8B97D588-94D6-37D8-B220-19367CE35D59}.Release|x64.Build.0 = Release|x64
		{8B97D588-94D6-37D8-B220-19367CE35D59}.MinSizeRel|x64.ActiveCfg = MinSizeRel|x64
		{8B97D588-94D6-37D8-B220-19367CE35D59}.MinSizeRel|x64.Build.0 = MinSizeRel|x64
		{8B97D588-94D6-37D8-B220-19367CE35D59}.RelWithDebInfo|x64.ActiveCfg = RelWithDebInfo|x64
		{8B97D588-94D6-37D8-B220-19367CE35D59}.RelWithDebInfo|x64.Build.0 = RelWithDebInfo|x64
	EndGlobalSection
	GlobalSection(ExtensibilityGlobals) = postSolution
		SolutionGuid = {3D662755-CA2E-3BF6-A4B0-D76352B60D87}
	EndGlobalSection
	GlobalSection(ExtensibilityAddIns) = postSolution
	EndGlobalSection
EndGlobal
