
Microsoft Visual Studio Solution File, Format Version 12.00
# Visual Studio Version 17
Project("{8BC9CEB8-8B4A-11D0-8D11-00A0C91BC942}") = "ALL_BUILD", "ALL_BUILD.vcxproj", "{CDDBBD16-E713-3536-939C-93B4207B75D3}"
	ProjectSection(ProjectDependencies) = postProject
		{D93E1F99-6300-309F-A192-5EBF2692611F} = {D93E1F99-6300-309F-A192-5EBF2692611F}
		{56C44C22-C508-3A39-BE98-48345227772F} = {56C44C22-C508-3A39-BE98-48345227772F}
		{ECAF095B-B67D-3586-890D-16C939CD600F} = {ECAF095B-B67D-3586-890D-16C939CD600F}
		{83013BD7-961A-37DF-B6B0-708C1901AEFF} = {83013BD7-961A-37DF-B6B0-708C1901AEFF}
		{D65A28C9-5196-387F-A0FE-CD72DF16E9F7} = {D65A28C9-5196-387F-A0FE-CD72DF16E9F7}
		{3A83FAED-1B13-3447-9527-12460B07CC42} = {3A83FAED-1B13-3447-9527-12460B07CC42}
		{5DAA88AD-B4F9-304A-A924-7CD9073BDC47} = {5DAA88AD-B4F9-304A-A924-7CD9073BDC47}
		{2586D11F-1853-3622-83D9-75E9FB5CB5F1} = {2586D11F-1853-3622-83D9-75E9FB5CB5F1}
		{44FE65CF-DBDD-3C2E-97FD-D26E1B4F299B} = {44FE65CF-DBDD-3C2E-97FD-D26E1B4F299B}
		{61E4D7D3-BA27-3B81-8AFF-E414D410F909} = {61E4D7D3-BA27-3B81-8AFF-E414D410F909}
		{2755E6C8-8211-38B7-BAC3-3C3DC47B2C24} = {2755E6C8-8211-38B7-BAC3-3C3DC47B2C24}
		{FBDA544B-76A9-3E95-AAF5-02482772AF7E} = {FBDA544B-76A9-3E95-AAF5-02482772AF7E}
		{837A3D7B-64D0-309E-A59B-A37D3375FA8C} = {837A3D7B-64D0-309E-A59B-A37D3375FA8C}
		{DFDE7865-0D10-38CD-B1CD-CE1F63E57957} = {DFDE7865-0D10-38CD-B1CD-CE1F63E57957}
	EndProjectSection
EndProject
Project("{8BC9CEB8-8B4A-11D0-8D11-00A0C91BC942}") = "Action", "SourcesAndHeaders\Action.vcxproj", "{D93E1F99-6300-309F-A192-5EBF2692611F}"
	ProjectSection(ProjectDependencies) = postProject
		{DFDE7865-0D10-38CD-B1CD-CE1F63E57957} = {DFDE7865-0D10-38CD-B1CD-CE1F63E57957}
	EndProjectSection
EndProject
Project("{8BC9CEB8-8B4A-11D0-8D11-00A0C91BC942}") = "AddContextAction", "SourcesAndHeaders\AddContextAction.vcxproj", "{56C44C22-C508-3A39-BE98-48345227772F}"
	ProjectSection(ProjectDependencies) = postProject
		{DFDE7865-0D10-38CD-B1CD-CE1F63E57957} = {DFDE7865-0D10-38CD-B1CD-CE1F63E57957}
	EndProjectSection
EndProject
Project("{8BC9CEB8-8B4A-11D0-8D11-00A0C91BC942}") = "CMakeTesting", "CMakeTesting.vcxproj", "{ECAF095B-B67D-3586-890D-16C939CD600F}"
	ProjectSection(ProjectDependencies) = postProject
		{D93E1F99-6300-309F-A192-5EBF2692611F} = {D93E1F99-6300-309F-A192-5EBF2692611F}
		{56C44C22-C508-3A39-BE98-48345227772F} = {56C44C22-C508-3A39-BE98-48345227772F}
		{83013BD7-961A-37DF-B6B0-708C1901AEFF} = {83013BD7-961A-37DF-B6B0-708C1901AEFF}
		{D65A28C9-5196-387F-A0FE-CD72DF16E9F7} = {D65A28C9-5196-387F-A0FE-CD72DF16E9F7}
		{3A83FAED-1B13-3447-9527-12460B07CC42} = {3A83FAED-1B13-3447-9527-12460B07CC42}
		{5DAA88AD-B4F9-304A-A924-7CD9073BDC47} = {5DAA88AD-B4F9-304A-A924-7CD9073BDC47}
		{2586D11F-1853-3622-83D9-75E9FB5CB5F1} = {2586D11F-1853-3622-83D9-75E9FB5CB5F1}
		{44FE65CF-DBDD-3C2E-97FD-D26E1B4F299B} = {44FE65CF-DBDD-3C2E-97FD-D26E1B4F299B}
		{61E4D7D3-BA27-3B81-8AFF-E414D410F909} = {61E4D7D3-BA27-3B81-8AFF-E414D410F909}
		{2755E6C8-8211-38B7-BAC3-3C3DC47B2C24} = {2755E6C8-8211-38B7-BAC3-3C3DC47B2C24}
		{FBDA544B-76A9-3E95-AAF5-02482772AF7E} = {FBDA544B-76A9-3E95-AAF5-02482772AF7E}
		{837A3D7B-64D0-309E-A59B-A37D3375FA8C} = {837A3D7B-64D0-309E-A59B-A37D3375FA8C}
		{DFDE7865-0D10-38CD-B1CD-CE1F63E57957} = {DFDE7865-0D10-38CD-B1CD-CE1F63E57957}
	EndProjectSection
EndProject
Project("{8BC9CEB8-8B4A-11D0-8D11-00A0C91BC942}") = "CheckReservedWordAction", "SourcesAndHeaders\CheckReservedWordAction.vcxproj", "{83013BD7-961A-37DF-B6B0-708C1901AEFF}"
	ProjectSection(ProjectDependencies) = postProject
		{DFDE7865-0D10-38CD-B1CD-CE1F63E57957} = {DFDE7865-0D10-38CD-B1CD-CE1F63E57957}
	EndProjectSection
EndProject
Project("{8BC9CEB8-8B4A-11D0-8D11-00A0C91BC942}") = "ConcatenateDataAction", "SourcesAndHeaders\ConcatenateDataAction.vcxproj", "{D65A28C9-5196-387F-A0FE-CD72DF16E9F7}"
	ProjectSection(ProjectDependencies) = postProject
		{DFDE7865-0D10-38CD-B1CD-CE1F63E57957} = {DFDE7865-0D10-38CD-B1CD-CE1F63E57957}
	EndProjectSection
EndProject
Project("{8BC9CEB8-8B4A-11D0-8D11-00A0C91BC942}") = "ConcatenateKeyAction", "SourcesAndHeaders\ConcatenateKeyAction.vcxproj", "{3A83FAED-1B13-3447-9527-12460B07CC42}"
	ProjectSection(ProjectDependencies) = postProject
		{DFDE7865-0D10-38CD-B1CD-CE1F63E57957} = {DFDE7865-0D10-38CD-B1CD-CE1F63E57957}
	EndProjectSection
EndProject
Project("{8BC9CEB8-8B4A-11D0-8D11-00A0C91BC942}") = "DataReadyAction", "SourcesAndHeaders\DataReadyAction.vcxproj", "{5DAA88AD-B4F9-304A-A924-7CD9073BDC47}"
	ProjectSection(ProjectDependencies) = postProject
		{DFDE7865-0D10-38CD-B1CD-CE1F63E57957} = {DFDE7865-0D10-38CD-B1CD-CE1F63E57957}
	EndProjectSection
EndProject
Project("{8BC9CEB8-8B4A-11D0-8D11-00A0C91BC942}") = "DictionaryData", "SourcesAndHeaders\DictionaryData.vcxproj", "{2586D11F-1853-3622-83D9-75E9FB5CB5F1}"
	ProjectSection(ProjectDependencies) = postProject
		{DFDE7865-0D10-38CD-B1CD-CE1F63E57957} = {DFDE7865-0D10-38CD-B1CD-CE1F63E57957}
	EndProjectSection
EndProject
Project("{8BC9CEB8-8B4A-11D0-8D11-00A0C91BC942}") = "ErrorTratementAction", "SourcesAndHeaders\ErrorTratementAction.vcxproj", "{44FE65CF-DBDD-3C2E-97FD-D26E1B4F299B}"
	ProjectSection(ProjectDependencies) = postProject
		{DFDE7865-0D10-38CD-B1CD-CE1F63E57957} = {DFDE7865-0D10-38CD-B1CD-CE1F63E57957}
	EndProjectSection
EndProject
Project("{8BC9CEB8-8B4A-11D0-8D11-00A0C91BC942}") = "JsonAnalizer", "SourcesAndHeaders\JsonAnalizer.vcxproj", "{61E4D7D3-BA27-3B81-8AFF-E414D410F909}"
	ProjectSection(ProjectDependencies) = postProject
		{DFDE7865-0D10-38CD-B1CD-CE1F63E57957} = {DFDE7865-0D10-38CD-B1CD-CE1F63E57957}
	EndProjectSection
EndProject
Project("{8BC9CEB8-8B4A-11D0-8D11-00A0C91BC942}") = "MoveAction", "SourcesAndHeaders\MoveAction.vcxproj", "{2755E6C8-8211-38B7-BAC3-3C3DC47B2C24}"
	ProjectSection(ProjectDependencies) = postProject
		{DFDE7865-0D10-38CD-B1CD-CE1F63E57957} = {DFDE7865-0D10-38CD-B1CD-CE1F63E57957}
	EndProjectSection
EndProject
Project("{8BC9CEB8-8B4A-11D0-8D11-00A0C91BC942}") = "RemoveContextAction", "SourcesAndHeaders\RemoveContextAction.vcxproj", "{FBDA544B-76A9-3E95-AAF5-02482772AF7E}"
	ProjectSection(ProjectDependencies) = postProject
		{DFDE7865-0D10-38CD-B1CD-CE1F63E57957} = {DFDE7865-0D10-38CD-B1CD-CE1F63E57957}
	EndProjectSection
EndProject
Project("{8BC9CEB8-8B4A-11D0-8D11-00A0C91BC942}") = "StayAction", "SourcesAndHeaders\StayAction.vcxproj", "{837A3D7B-64D0-309E-A59B-A37D3375FA8C}"
	ProjectSection(ProjectDependencies) = postProject
		{DFDE7865-0D10-38CD-B1CD-CE1F63E57957} = {DFDE7865-0D10-38CD-B1CD-CE1F63E57957}
	EndProjectSection
EndProject
Project("{8BC9CEB8-8B4A-11D0-8D11-00A0C91BC942}") = "ZERO_CHECK", "ZERO_CHECK.vcxproj", "{DFDE7865-0D10-38CD-B1CD-CE1F63E57957}"
	ProjectSection(ProjectDependencies) = postProject
	EndProjectSection
EndProject
Global
	GlobalSection(SolutionConfigurationPlatforms) = preSolution
		Debug|x64 = Debug|x64
		Release|x64 = Release|x64
		MinSizeRel|x64 = MinSizeRel|x64
		RelWithDebInfo|x64 = RelWithDebInfo|x64
	EndGlobalSection
	GlobalSection(ProjectConfigurationPlatforms) = postSolution
		{CDDBBD16-E713-3536-939C-93B4207B75D3}.Debug|x64.ActiveCfg = Debug|x64
		{CDDBBD16-E713-3536-939C-93B4207B75D3}.Release|x64.ActiveCfg = Release|x64
		{CDDBBD16-E713-3536-939C-93B4207B75D3}.MinSizeRel|x64.ActiveCfg = MinSizeRel|x64
		{CDDBBD16-E713-3536-939C-93B4207B75D3}.RelWithDebInfo|x64.ActiveCfg = RelWithDebInfo|x64
		{D93E1F99-6300-309F-A192-5EBF2692611F}.Debug|x64.ActiveCfg = Debug|x64
		{D93E1F99-6300-309F-A192-5EBF2692611F}.Debug|x64.Build.0 = Debug|x64
		{D93E1F99-6300-309F-A192-5EBF2692611F}.Release|x64.ActiveCfg = Release|x64
		{D93E1F99-6300-309F-A192-5EBF2692611F}.Release|x64.Build.0 = Release|x64
		{D93E1F99-6300-309F-A192-5EBF2692611F}.MinSizeRel|x64.ActiveCfg = MinSizeRel|x64
		{D93E1F99-6300-309F-A192-5EBF2692611F}.MinSizeRel|x64.Build.0 = MinSizeRel|x64
		{D93E1F99-6300-309F-A192-5EBF2692611F}.RelWithDebInfo|x64.ActiveCfg = RelWithDebInfo|x64
		{D93E1F99-6300-309F-A192-5EBF2692611F}.RelWithDebInfo|x64.Build.0 = RelWithDebInfo|x64
		{56C44C22-C508-3A39-BE98-48345227772F}.Debug|x64.ActiveCfg = Debug|x64
		{56C44C22-C508-3A39-BE98-48345227772F}.Debug|x64.Build.0 = Debug|x64
		{56C44C22-C508-3A39-BE98-48345227772F}.Release|x64.ActiveCfg = Release|x64
		{56C44C22-C508-3A39-BE98-48345227772F}.Release|x64.Build.0 = Release|x64
		{56C44C22-C508-3A39-BE98-48345227772F}.MinSizeRel|x64.ActiveCfg = MinSizeRel|x64
		{56C44C22-C508-3A39-BE98-48345227772F}.MinSizeRel|x64.Build.0 = MinSizeRel|x64
		{56C44C22-C508-3A39-BE98-48345227772F}.RelWithDebInfo|x64.ActiveCfg = RelWithDebInfo|x64
		{56C44C22-C508-3A39-BE98-48345227772F}.RelWithDebInfo|x64.Build.0 = RelWithDebInfo|x64
		{ECAF095B-B67D-3586-890D-16C939CD600F}.Debug|x64.ActiveCfg = Debug|x64
		{ECAF095B-B67D-3586-890D-16C939CD600F}.Debug|x64.Build.0 = Debug|x64
		{ECAF095B-B67D-3586-890D-16C939CD600F}.Release|x64.ActiveCfg = Release|x64
		{ECAF095B-B67D-3586-890D-16C939CD600F}.Release|x64.Build.0 = Release|x64
		{ECAF095B-B67D-3586-890D-16C939CD600F}.MinSizeRel|x64.ActiveCfg = MinSizeRel|x64
		{ECAF095B-B67D-3586-890D-16C939CD600F}.MinSizeRel|x64.Build.0 = MinSizeRel|x64
		{ECAF095B-B67D-3586-890D-16C939CD600F}.RelWithDebInfo|x64.ActiveCfg = RelWithDebInfo|x64
		{ECAF095B-B67D-3586-890D-16C939CD600F}.RelWithDebInfo|x64.Build.0 = RelWithDebInfo|x64
		{83013BD7-961A-37DF-B6B0-708C1901AEFF}.Debug|x64.ActiveCfg = Debug|x64
		{83013BD7-961A-37DF-B6B0-708C1901AEFF}.Debug|x64.Build.0 = Debug|x64
		{83013BD7-961A-37DF-B6B0-708C1901AEFF}.Release|x64.ActiveCfg = Release|x64
		{83013BD7-961A-37DF-B6B0-708C1901AEFF}.Release|x64.Build.0 = Release|x64
		{83013BD7-961A-37DF-B6B0-708C1901AEFF}.MinSizeRel|x64.ActiveCfg = MinSizeRel|x64
		{83013BD7-961A-37DF-B6B0-708C1901AEFF}.MinSizeRel|x64.Build.0 = MinSizeRel|x64
		{83013BD7-961A-37DF-B6B0-708C1901AEFF}.RelWithDebInfo|x64.ActiveCfg = RelWithDebInfo|x64
		{83013BD7-961A-37DF-B6B0-708C1901AEFF}.RelWithDebInfo|x64.Build.0 = RelWithDebInfo|x64
		{D65A28C9-5196-387F-A0FE-CD72DF16E9F7}.Debug|x64.ActiveCfg = Debug|x64
		{D65A28C9-5196-387F-A0FE-CD72DF16E9F7}.Debug|x64.Build.0 = Debug|x64
		{D65A28C9-5196-387F-A0FE-CD72DF16E9F7}.Release|x64.ActiveCfg = Release|x64
		{D65A28C9-5196-387F-A0FE-CD72DF16E9F7}.Release|x64.Build.0 = Release|x64
		{D65A28C9-5196-387F-A0FE-CD72DF16E9F7}.MinSizeRel|x64.ActiveCfg = MinSizeRel|x64
		{D65A28C9-5196-387F-A0FE-CD72DF16E9F7}.MinSizeRel|x64.Build.0 = MinSizeRel|x64
		{D65A28C9-5196-387F-A0FE-CD72DF16E9F7}.RelWithDebInfo|x64.ActiveCfg = RelWithDebInfo|x64
		{D65A28C9-5196-387F-A0FE-CD72DF16E9F7}.RelWithDebInfo|x64.Build.0 = RelWithDebInfo|x64
		{3A83FAED-1B13-3447-9527-12460B07CC42}.Debug|x64.ActiveCfg = Debug|x64
		{3A83FAED-1B13-3447-9527-12460B07CC42}.Debug|x64.Build.0 = Debug|x64
		{3A83FAED-1B13-3447-9527-12460B07CC42}.Release|x64.ActiveCfg = Release|x64
		{3A83FAED-1B13-3447-9527-12460B07CC42}.Release|x64.Build.0 = Release|x64
		{3A83FAED-1B13-3447-9527-12460B07CC42}.MinSizeRel|x64.ActiveCfg = MinSizeRel|x64
		{3A83FAED-1B13-3447-9527-12460B07CC42}.MinSizeRel|x64.Build.0 = MinSizeRel|x64
		{3A83FAED-1B13-3447-9527-12460B07CC42}.RelWithDebInfo|x64.ActiveCfg = RelWithDebInfo|x64
		{3A83FAED-1B13-3447-9527-12460B07CC42}.RelWithDebInfo|x64.Build.0 = RelWithDebInfo|x64
		{5DAA88AD-B4F9-304A-A924-7CD9073BDC47}.Debug|x64.ActiveCfg = Debug|x64
		{5DAA88AD-B4F9-304A-A924-7CD9073BDC47}.Debug|x64.Build.0 = Debug|x64
		{5DAA88AD-B4F9-304A-A924-7CD9073BDC47}.Release|x64.ActiveCfg = Release|x64
		{5DAA88AD-B4F9-304A-A924-7CD9073BDC47}.Release|x64.Build.0 = Release|x64
		{5DAA88AD-B4F9-304A-A924-7CD9073BDC47}.MinSizeRel|x64.ActiveCfg = MinSizeRel|x64
		{5DAA88AD-B4F9-304A-A924-7CD9073BDC47}.MinSizeRel|x64.Build.0 = MinSizeRel|x64
		{5DAA88AD-B4F9-304A-A924-7CD9073BDC47}.RelWithDebInfo|x64.ActiveCfg = RelWithDebInfo|x64
		{5DAA88AD-B4F9-304A-A924-7CD9073BDC47}.RelWithDebInfo|x64.Build.0 = RelWithDebInfo|x64
		{2586D11F-1853-3622-83D9-75E9FB5CB5F1}.Debug|x64.ActiveCfg = Debug|x64
		{2586D11F-1853-3622-83D9-75E9FB5CB5F1}.Debug|x64.Build.0 = Debug|x64
		{2586D11F-1853-3622-83D9-75E9FB5CB5F1}.Release|x64.ActiveCfg = Release|x64
		{2586D11F-1853-3622-83D9-75E9FB5CB5F1}.Release|x64.Build.0 = Release|x64
		{2586D11F-1853-3622-83D9-75E9FB5CB5F1}.MinSizeRel|x64.ActiveCfg = MinSizeRel|x64
		{2586D11F-1853-3622-83D9-75E9FB5CB5F1}.MinSizeRel|x64.Build.0 = MinSizeRel|x64
		{2586D11F-1853-3622-83D9-75E9FB5CB5F1}.RelWithDebInfo|x64.ActiveCfg = RelWithDebInfo|x64
		{2586D11F-1853-3622-83D9-75E9FB5CB5F1}.RelWithDebInfo|x64.Build.0 = RelWithDebInfo|x64
		{44FE65CF-DBDD-3C2E-97FD-D26E1B4F299B}.Debug|x64.ActiveCfg = Debug|x64
		{44FE65CF-DBDD-3C2E-97FD-D26E1B4F299B}.Debug|x64.Build.0 = Debug|x64
		{44FE65CF-DBDD-3C2E-97FD-D26E1B4F299B}.Release|x64.ActiveCfg = Release|x64
		{44FE65CF-DBDD-3C2E-97FD-D26E1B4F299B}.Release|x64.Build.0 = Release|x64
		{44FE65CF-DBDD-3C2E-97FD-D26E1B4F299B}.MinSizeRel|x64.ActiveCfg = MinSizeRel|x64
		{44FE65CF-DBDD-3C2E-97FD-D26E1B4F299B}.MinSizeRel|x64.Build.0 = MinSizeRel|x64
		{44FE65CF-DBDD-3C2E-97FD-D26E1B4F299B}.RelWithDebInfo|x64.ActiveCfg = RelWithDebInfo|x64
		{44FE65CF-DBDD-3C2E-97FD-D26E1B4F299B}.RelWithDebInfo|x64.Build.0 = RelWithDebInfo|x64
		{61E4D7D3-BA27-3B81-8AFF-E414D410F909}.Debug|x64.ActiveCfg = Debug|x64
		{61E4D7D3-BA27-3B81-8AFF-E414D410F909}.Debug|x64.Build.0 = Debug|x64
		{61E4D7D3-BA27-3B81-8AFF-E414D410F909}.Release|x64.ActiveCfg = Release|x64
		{61E4D7D3-BA27-3B81-8AFF-E414D410F909}.Release|x64.Build.0 = Release|x64
		{61E4D7D3-BA27-3B81-8AFF-E414D410F909}.MinSizeRel|x64.ActiveCfg = MinSizeRel|x64
		{61E4D7D3-BA27-3B81-8AFF-E414D410F909}.MinSizeRel|x64.Build.0 = MinSizeRel|x64
		{61E4D7D3-BA27-3B81-8AFF-E414D410F909}.RelWithDebInfo|x64.ActiveCfg = RelWithDebInfo|x64
		{61E4D7D3-BA27-3B81-8AFF-E414D410F909}.RelWithDebInfo|x64.Build.0 = RelWithDebInfo|x64
		{2755E6C8-8211-38B7-BAC3-3C3DC47B2C24}.Debug|x64.ActiveCfg = Debug|x64
		{2755E6C8-8211-38B7-BAC3-3C3DC47B2C24}.Debug|x64.Build.0 = Debug|x64
		{2755E6C8-8211-38B7-BAC3-3C3DC47B2C24}.Release|x64.ActiveCfg = Release|x64
		{2755E6C8-8211-38B7-BAC3-3C3DC47B2C24}.Release|x64.Build.0 = Release|x64
		{2755E6C8-8211-38B7-BAC3-3C3DC47B2C24}.MinSizeRel|x64.ActiveCfg = MinSizeRel|x64
		{2755E6C8-8211-38B7-BAC3-3C3DC47B2C24}.MinSizeRel|x64.Build.0 = MinSizeRel|x64
		{2755E6C8-8211-38B7-BAC3-3C3DC47B2C24}.RelWithDebInfo|x64.ActiveCfg = RelWithDebInfo|x64
		{2755E6C8-8211-38B7-BAC3-3C3DC47B2C24}.RelWithDebInfo|x64.Build.0 = RelWithDebInfo|x64
		{FBDA544B-76A9-3E95-AAF5-02482772AF7E}.Debug|x64.ActiveCfg = Debug|x64
		{FBDA544B-76A9-3E95-AAF5-02482772AF7E}.Debug|x64.Build.0 = Debug|x64
		{FBDA544B-76A9-3E95-AAF5-02482772AF7E}.Release|x64.ActiveCfg = Release|x64
		{FBDA544B-76A9-3E95-AAF5-02482772AF7E}.Release|x64.Build.0 = Release|x64
		{FBDA544B-76A9-3E95-AAF5-02482772AF7E}.MinSizeRel|x64.ActiveCfg = MinSizeRel|x64
		{FBDA544B-76A9-3E95-AAF5-02482772AF7E}.MinSizeRel|x64.Build.0 = MinSizeRel|x64
		{FBDA544B-76A9-3E95-AAF5-02482772AF7E}.RelWithDebInfo|x64.ActiveCfg = RelWithDebInfo|x64
		{FBDA544B-76A9-3E95-AAF5-02482772AF7E}.RelWithDebInfo|x64.Build.0 = RelWithDebInfo|x64
		{837A3D7B-64D0-309E-A59B-A37D3375FA8C}.Debug|x64.ActiveCfg = Debug|x64
		{837A3D7B-64D0-309E-A59B-A37D3375FA8C}.Debug|x64.Build.0 = Debug|x64
		{837A3D7B-64D0-309E-A59B-A37D3375FA8C}.Release|x64.ActiveCfg = Release|x64
		{837A3D7B-64D0-309E-A59B-A37D3375FA8C}.Release|x64.Build.0 = Release|x64
		{837A3D7B-64D0-309E-A59B-A37D3375FA8C}.MinSizeRel|x64.ActiveCfg = MinSizeRel|x64
		{837A3D7B-64D0-309E-A59B-A37D3375FA8C}.MinSizeRel|x64.Build.0 = MinSizeRel|x64
		{837A3D7B-64D0-309E-A59B-A37D3375FA8C}.RelWithDebInfo|x64.ActiveCfg = RelWithDebInfo|x64
		{837A3D7B-64D0-309E-A59B-A37D3375FA8C}.RelWithDebInfo|x64.Build.0 = RelWithDebInfo|x64
		{DFDE7865-0D10-38CD-B1CD-CE1F63E57957}.Debug|x64.ActiveCfg = Debug|x64
		{DFDE7865-0D10-38CD-B1CD-CE1F63E57957}.Debug|x64.Build.0 = Debug|x64
		{DFDE7865-0D10-38CD-B1CD-CE1F63E57957}.Release|x64.ActiveCfg = Release|x64
		{DFDE7865-0D10-38CD-B1CD-CE1F63E57957}.Release|x64.Build.0 = Release|x64
		{DFDE7865-0D10-38CD-B1CD-CE1F63E57957}.MinSizeRel|x64.ActiveCfg = MinSizeRel|x64
		{DFDE7865-0D10-38CD-B1CD-CE1F63E57957}.MinSizeRel|x64.Build.0 = MinSizeRel|x64
		{DFDE7865-0D10-38CD-B1CD-CE1F63E57957}.RelWithDebInfo|x64.ActiveCfg = RelWithDebInfo|x64
		{DFDE7865-0D10-38CD-B1CD-CE1F63E57957}.RelWithDebInfo|x64.Build.0 = RelWithDebInfo|x64
	EndGlobalSection
	GlobalSection(ExtensibilityGlobals) = postSolution
		SolutionGuid = {2D140361-FB66-3834-B84C-580394829CEF}
	EndGlobalSection
	GlobalSection(ExtensibilityAddIns) = postSolution
	EndGlobalSection
EndGlobal
